
Microsoft Visual Studio Solution File, Format Version 12.00
# Visual Studio Version 17
VisualStudioVersion = 17.1.32228.430
MinimumVisualStudioVersion = 10.0.40219.1
Project("{8BC9CEB8-8B4A-11D0-8D11-00A0C91BC942}") = "Project1", "Project1\Project1.vcxproj", "{00110CDA-8D77-4222-8ECF-3510F43C351E}"
EndProject
Global
	GlobalSection(SolutionConfigurationPlatforms) = preSolution
		Debug|x64 = Debug|x64
		Debug|x86 = Debug|x86
		Release|x64 = Release|x64
		Release|x86 = Release|x86
	EndGlobalSection
	GlobalSection(ProjectConfigurationPlatforms) = postSolution
		{00110CDA-8D77-4222-8ECF-3510F43C351E}.Debug|x64.ActiveCfg = Debug|x64
		{00110CDA-8D77-4222-8ECF-3510F43C351E}.Debug|x64.Build.0 = Debug|x64
		{00110CDA-8D77-4222-8ECF-3510F43C351E}.Debug|x86.ActiveCfg = Debug|Win32
		{00110CDA-8D77-4222-8ECF-3510F43C351E}.Debug|x86.Build.0 = Debug|Win32
		{00110CDA-8D77-4222-8ECF-3510F43C351E}.Release|x64.ActiveCfg = Release|x64
		{00110CDA-8D77-4222-8ECF-3510F43C351E}.Release|x64.Build.0 = Release|x64
		{00110CDA-8D77-4222-8ECF-3510F43C351E}.Release|x86.ActiveCfg = Release|Win32
		{00110CDA-8D77-4222-8ECF-3510F43C351E}.Release|x86.Build.0 = Release|Win32
	EndGlobalSection
	GlobalSection(SolutionProperties) = preSolution
		HideSolutionNode = FALSE
	EndGlobalSection
	GlobalSection(ExtensibilityGlobals) = postSolution
		SolutionGuid = {F2010C27-97DF-4D00-887D-503B9B5B6483}
	EndGlobalSection
EndGlobal
